
Microsoft Visual Studio Solution File, Format Version 12.00
# Visual Studio Version 17
VisualStudioVersion = 17.11.35327.3
MinimumVisualStudioVersion = 10.0.40219.1
Project("{FAE04EC0-301F-11D3-BF4B-00C04F79EFBC}") = "TypesApp2", "Exercises1\TypesApp2.csproj", "{EDC98AAF-3DA2-49A3-956F-F8F20E17615C}"
EndProject
Project("{FAE04EC0-301F-11D3-BF4B-00C04F79EFBC}") = "ConditionalsApp3", "Exercises2\ConditionalsApp3.csproj", "{9EF1BDAE-034E-48DA-B29C-3CDAABC4CACB}"
EndProject
Project("{FAE04EC0-301F-11D3-BF4B-00C04F79EFBC}") = "CollectionsApp4", "App3\CollectionsApp4.csproj", "{B1822EF1-4C88-4245-ADC8-D2C577BD59DC}"
EndProject
Project("{FAE04EC0-301F-11D3-BF4B-00C04F79EFBC}") = "MethodsApp5", "MethodsApp5\MethodsApp5.csproj", "{F9B148E5-14A4-49B8-A51C-9FD4A7AF5D33}"
EndProject
Project("{FAE04EC0-301F-11D3-BF4B-00C04F79EFBC}") = "ClassesApp7", "ClassesApp7\ClassesApp7.csproj", "{1091A21D-BE7C-4A63-B557-B017C39CF1A7}"
EndProject
Project("{FAE04EC0-301F-11D3-BF4B-00C04F79EFBC}") = "StudentDataManagementSystem", "..\..\..\..\..\Downloads\Assignments_122024\StudentDataManagementSystem\StudentDataManagementSystem\StudentDataManagementSystem.csproj", "{1C8A5C12-7D20-48E4-B622-DB23284C3DE1}"
EndProject
Project("{FAE04EC0-301F-11D3-BF4B-00C04F79EFBC}") = "LibraryManagementSystem", "..\..\..\..\..\Downloads\Assignments_122024\LibraryManagementSystem\LibraryManagementSystem\LibraryManagementSystem.csproj", "{C816BE4D-F0D1-4CA6-A675-71CCA915BA91}"
EndProject
Project("{FAE04EC0-301F-11D3-BF4B-00C04F79EFBC}") = "InheritanceAndPolymorphismApp8", "InheritanceAndPolymorphismApp8\InheritanceAndPolymorphismApp8.csproj", "{172364CD-D49D-4315-A30A-3D91D416645B}"
EndProject
Project("{FAE04EC0-301F-11D3-BF4B-00C04F79EFBC}") = "EncapsulationAbstractionApp9", "ConsoleApp1\EncapsulationAbstractionApp9.csproj", "{8BF6D232-FDC8-4B52-92EA-D32C3B7928C2}"
EndProject
Project("{FAE04EC0-301F-11D3-BF4B-00C04F79EFBC}") = "UnitTestsApp11", "UnitTestsApp11\UnitTestsApp11.csproj", "{0F3570EC-D8ED-41F1-9D2C-0060B9531CFE}"
EndProject
Project("{FAE04EC0-301F-11D3-BF4B-00C04F79EFBC}") = "App21", "App11\App21.csproj", "{18A146F9-60EF-49F2-9854-FC9AE737239B}"
EndProject
Project("{FAE04EC0-301F-11D3-BF4B-00C04F79EFBC}") = "Exercise11", "..\..\..\..\..\Documents\QA Automation Blankfactor\Lecture 11 Unit Testing Fundamentals and Database Interactions\Exercise11\Exercise11\Exercise11.csproj", "{65AE0929-67FE-485D-B52A-627F896C1F43}"
EndProject
Project("{FAE04EC0-301F-11D3-BF4B-00C04F79EFBC}") = "Exercise11.Tests", "..\..\..\..\..\Documents\QA Automation Blankfactor\Lecture 11 Unit Testing Fundamentals and Database Interactions\Exercise11\Exercise11.Tests\Exercise11.Tests.csproj", "{8CAC082A-1B2F-44DD-8891-A57F497B4CA2}"
EndProject
Project("{FAE04EC0-301F-11D3-BF4B-00C04F79EFBC}") = "RestSharpCallsApp", "..\..\..\..\..\Desktop\ConsoleApp1\RestSharpCallsApp\RestSharpCallsApp.csproj", "{A61EC25E-1555-437D-81C0-2730DC7BC497}"
EndProject
Global
	GlobalSection(SolutionConfigurationPlatforms) = preSolution
		Debug|Any CPU = Debug|Any CPU
		Release|Any CPU = Release|Any CPU
	EndGlobalSection
	GlobalSection(ProjectConfigurationPlatforms) = postSolution
		{EDC98AAF-3DA2-49A3-956F-F8F20E17615C}.Debug|Any CPU.ActiveCfg = Debug|Any CPU
		{EDC98AAF-3DA2-49A3-956F-F8F20E17615C}.Debug|Any CPU.Build.0 = Debug|Any CPU
		{EDC98AAF-3DA2-49A3-956F-F8F20E17615C}.Release|Any CPU.ActiveCfg = Release|Any CPU
		{EDC98AAF-3DA2-49A3-956F-F8F20E17615C}.Release|Any CPU.Build.0 = Release|Any CPU
		{9EF1BDAE-034E-48DA-B29C-3CDAABC4CACB}.Debug|Any CPU.ActiveCfg = Debug|Any CPU
		{9EF1BDAE-034E-48DA-B29C-3CDAABC4CACB}.Debug|Any CPU.Build.0 = Debug|Any CPU
		{9EF1BDAE-034E-48DA-B29C-3CDAABC4CACB}.Release|Any CPU.ActiveCfg = Release|Any CPU
		{9EF1BDAE-034E-48DA-B29C-3CDAABC4CACB}.Release|Any CPU.Build.0 = Release|Any CPU
		{B1822EF1-4C88-4245-ADC8-D2C577BD59DC}.Debug|Any CPU.ActiveCfg = Debug|Any CPU
		{B1822EF1-4C88-4245-ADC8-D2C577BD59DC}.Debug|Any CPU.Build.0 = Debug|Any CPU
		{B1822EF1-4C88-4245-ADC8-D2C577BD59DC}.Release|Any CPU.ActiveCfg = Release|Any CPU
		{B1822EF1-4C88-4245-ADC8-D2C577BD59DC}.Release|Any CPU.Build.0 = Release|Any CPU
		{F9B148E5-14A4-49B8-A51C-9FD4A7AF5D33}.Debug|Any CPU.ActiveCfg = Debug|Any CPU
		{F9B148E5-14A4-49B8-A51C-9FD4A7AF5D33}.Debug|Any CPU.Build.0 = Debug|Any CPU
		{F9B148E5-14A4-49B8-A51C-9FD4A7AF5D33}.Release|Any CPU.ActiveCfg = Release|Any CPU
		{F9B148E5-14A4-49B8-A51C-9FD4A7AF5D33}.Release|Any CPU.Build.0 = Release|Any CPU
		{1091A21D-BE7C-4A63-B557-B017C39CF1A7}.Debug|Any CPU.ActiveCfg = Debug|Any CPU
		{1091A21D-BE7C-4A63-B557-B017C39CF1A7}.Debug|Any CPU.Build.0 = Debug|Any CPU
		{1091A21D-BE7C-4A63-B557-B017C39CF1A7}.Release|Any CPU.ActiveCfg = Release|Any CPU
		{1091A21D-BE7C-4A63-B557-B017C39CF1A7}.Release|Any CPU.Build.0 = Release|Any CPU
		{1C8A5C12-7D20-48E4-B622-DB23284C3DE1}.Debug|Any CPU.ActiveCfg = Debug|Any CPU
		{1C8A5C12-7D20-48E4-B622-DB23284C3DE1}.Debug|Any CPU.Build.0 = Debug|Any CPU
		{1C8A5C12-7D20-48E4-B622-DB23284C3DE1}.Release|Any CPU.ActiveCfg = Release|Any CPU
		{1C8A5C12-7D20-48E4-B622-DB23284C3DE1}.Release|Any CPU.Build.0 = Release|Any CPU
		{C816BE4D-F0D1-4CA6-A675-71CCA915BA91}.Debug|Any CPU.ActiveCfg = Debug|Any CPU
		{C816BE4D-F0D1-4CA6-A675-71CCA915BA91}.Debug|Any CPU.Build.0 = Debug|Any CPU
		{C816BE4D-F0D1-4CA6-A675-71CCA915BA91}.Release|Any CPU.ActiveCfg = Release|Any CPU
		{C816BE4D-F0D1-4CA6-A675-71CCA915BA91}.Release|Any CPU.Build.0 = Release|Any CPU
		{172364CD-D49D-4315-A30A-3D91D416645B}.Debug|Any CPU.ActiveCfg = Debug|Any CPU
		{172364CD-D49D-4315-A30A-3D91D416645B}.Debug|Any CPU.Build.0 = Debug|Any CPU
		{172364CD-D49D-4315-A30A-3D91D416645B}.Release|Any CPU.ActiveCfg = Release|Any CPU
		{172364CD-D49D-4315-A30A-3D91D416645B}.Release|Any CPU.Build.0 = Release|Any CPU
		{8BF6D232-FDC8-4B52-92EA-D32C3B7928C2}.Debug|Any CPU.ActiveCfg = Debug|Any CPU
		{8BF6D232-FDC8-4B52-92EA-D32C3B7928C2}.Debug|Any CPU.Build.0 = Debug|Any CPU
		{8BF6D232-FDC8-4B52-92EA-D32C3B7928C2}.Release|Any CPU.ActiveCfg = Release|Any CPU
		{8BF6D232-FDC8-4B52-92EA-D32C3B7928C2}.Release|Any CPU.Build.0 = Release|Any CPU
		{0F3570EC-D8ED-41F1-9D2C-0060B9531CFE}.Debug|Any CPU.ActiveCfg = Debug|Any CPU
		{0F3570EC-D8ED-41F1-9D2C-0060B9531CFE}.Debug|Any CPU.Build.0 = Debug|Any CPU
		{0F3570EC-D8ED-41F1-9D2C-0060B9531CFE}.Release|Any CPU.ActiveCfg = Release|Any CPU
		{0F3570EC-D8ED-41F1-9D2C-0060B9531CFE}.Release|Any CPU.Build.0 = Release|Any CPU
		{18A146F9-60EF-49F2-9854-FC9AE737239B}.Debug|Any CPU.ActiveCfg = Debug|Any CPU
		{18A146F9-60EF-49F2-9854-FC9AE737239B}.Debug|Any CPU.Build.0 = Debug|Any CPU
		{18A146F9-60EF-49F2-9854-FC9AE737239B}.Release|Any CPU.ActiveCfg = Release|Any CPU
		{18A146F9-60EF-49F2-9854-FC9AE737239B}.Release|Any CPU.Build.0 = Release|Any CPU
		{65AE0929-67FE-485D-B52A-627F896C1F43}.Debug|Any CPU.ActiveCfg = Debug|Any CPU
		{65AE0929-67FE-485D-B52A-627F896C1F43}.Debug|Any CPU.Build.0 = Debug|Any CPU
		{65AE0929-67FE-485D-B52A-627F896C1F43}.Release|Any CPU.ActiveCfg = Release|Any CPU
		{65AE0929-67FE-485D-B52A-627F896C1F43}.Release|Any CPU.Build.0 = Release|Any CPU
		{8CAC082A-1B2F-44DD-8891-A57F497B4CA2}.Debug|Any CPU.ActiveCfg = Debug|Any CPU
		{8CAC082A-1B2F-44DD-8891-A57F497B4CA2}.Debug|Any CPU.Build.0 = Debug|Any CPU
		{8CAC082A-1B2F-44DD-8891-A57F497B4CA2}.Release|Any CPU.ActiveCfg = Release|Any CPU
		{8CAC082A-1B2F-44DD-8891-A57F497B4CA2}.Release|Any CPU.Build.0 = Release|Any CPU
		{A61EC25E-1555-437D-81C0-2730DC7BC497}.Debug|Any CPU.ActiveCfg = Debug|Any CPU
		{A61EC25E-1555-437D-81C0-2730DC7BC497}.Debug|Any CPU.Build.0 = Debug|Any CPU
		{A61EC25E-1555-437D-81C0-2730DC7BC497}.Release|Any CPU.ActiveCfg = Release|Any CPU
		{A61EC25E-1555-437D-81C0-2730DC7BC497}.Release|Any CPU.Build.0 = Release|Any CPU
	EndGlobalSection
	GlobalSection(SolutionProperties) = preSolution
		HideSolutionNode = FALSE
	EndGlobalSection
	GlobalSection(ExtensibilityGlobals) = postSolution
		SolutionGuid = {59EE53C7-B52C-4EF7-A58B-DF1C381CC07E}
	EndGlobalSection
EndGlobal
